
Microsoft Visual Studio Solution File, Format Version 12.00
# Visual Studio Version 16
VisualStudioVersion = 16.0.31105.61
MinimumVisualStudioVersion = 10.0.40219.1
Project("{FAE04EC0-301F-11D3-BF4B-00C04F79EFBC}") = "CSharpRoadMap", "CSharpRoadMap\CSharpRoadMap.csproj", "{6C4818C6-B7AF-41EF-9068-D68B00256C44}"
EndProject
Project("{FAE04EC0-301F-11D3-BF4B-00C04F79EFBC}") = "ARRAYS", "ARRAYS\ARRAYS.csproj", "{060D6B97-6CBC-4E14-89BE-12E637058B1B}"
EndProject
Project("{FAE04EC0-301F-11D3-BF4B-00C04F79EFBC}") = "KEYWORDS", "KEYWORDS\KEYWORDS.csproj", "{D317B5A7-AF37-47C8-BA92-98AD59FBFDF0}"
EndProject
Global
	GlobalSection(SolutionConfigurationPlatforms) = preSolution
		Debug|Any CPU = Debug|Any CPU
		Release|Any CPU = Release|Any CPU
	EndGlobalSection
	GlobalSection(ProjectConfigurationPlatforms) = postSolution
		{6C4818C6-B7AF-41EF-9068-D68B00256C44}.Debug|Any CPU.ActiveCfg = Debug|Any CPU
		{6C4818C6-B7AF-41EF-9068-D68B00256C44}.Debug|Any CPU.Build.0 = Debug|Any CPU
		{6C4818C6-B7AF-41EF-9068-D68B00256C44}.Release|Any CPU.ActiveCfg = Release|Any CPU
		{6C4818C6-B7AF-41EF-9068-D68B00256C44}.Release|Any CPU.Build.0 = Release|Any CPU
		{060D6B97-6CBC-4E14-89BE-12E637058B1B}.Debug|Any CPU.ActiveCfg = Debug|Any CPU
		{060D6B97-6CBC-4E14-89BE-12E637058B1B}.Debug|Any CPU.Build.0 = Debug|Any CPU
		{060D6B97-6CBC-4E14-89BE-12E637058B1B}.Release|Any CPU.ActiveCfg = Release|Any CPU
		{060D6B97-6CBC-4E14-89BE-12E637058B1B}.Release|Any CPU.Build.0 = Release|Any CPU
		{D317B5A7-AF37-47C8-BA92-98AD59FBFDF0}.Debug|Any CPU.ActiveCfg = Debug|Any CPU
		{D317B5A7-AF37-47C8-BA92-98AD59FBFDF0}.Debug|Any CPU.Build.0 = Debug|Any CPU
		{D317B5A7-AF37-47C8-BA92-98AD59FBFDF0}.Release|Any CPU.ActiveCfg = Release|Any CPU
		{D317B5A7-AF37-47C8-BA92-98AD59FBFDF0}.Release|Any CPU.Build.0 = Release|Any CPU
	EndGlobalSection
	GlobalSection(SolutionProperties) = preSolution
		HideSolutionNode = FALSE
	EndGlobalSection
	GlobalSection(ExtensibilityGlobals) = postSolution
		SolutionGuid = {EF1F3618-54E2-4DEF-B8F4-D6A92612277F}
	EndGlobalSection
EndGlobal
