
Microsoft Visual Studio Solution File, Format Version 12.00
# Visual Studio Version 16
VisualStudioVersion = 16.0.31112.23
MinimumVisualStudioVersion = 10.0.40219.1
Project("{FAE04EC0-301F-11D3-BF4B-00C04F79EFBC}") = "LinqWhereMethod", "ConsoleApp1\LinqWhereMethod.csproj", "{416B4611-3F57-418E-B15D-8DEFCB4473B7}"
EndProject
Global
	GlobalSection(SolutionConfigurationPlatforms) = preSolution
		Debug|Any CPU = Debug|Any CPU
		Release|Any CPU = Release|Any CPU
	EndGlobalSection
	GlobalSection(ProjectConfigurationPlatforms) = postSolution
		{416B4611-3F57-418E-B15D-8DEFCB4473B7}.Debug|Any CPU.ActiveCfg = Debug|Any CPU
		{416B4611-3F57-418E-B15D-8DEFCB4473B7}.Debug|Any CPU.Build.0 = Debug|Any CPU
		{416B4611-3F57-418E-B15D-8DEFCB4473B7}.Release|Any CPU.ActiveCfg = Release|Any CPU
		{416B4611-3F57-418E-B15D-8DEFCB4473B7}.Release|Any CPU.Build.0 = Release|Any CPU
	EndGlobalSection
	GlobalSection(SolutionProperties) = preSolution
		HideSolutionNode = FALSE
	EndGlobalSection
	GlobalSection(ExtensibilityGlobals) = postSolution
		SolutionGuid = {B2DF802D-30DF-49B8-8F99-2343AD966862}
	EndGlobalSection
EndGlobal
