
Microsoft Visual Studio Solution File, Format Version 12.00
# Visual Studio Version 16
VisualStudioVersion = 16.0.31205.134
MinimumVisualStudioVersion = 10.0.40219.1
Project("{FAE04EC0-301F-11D3-BF4B-00C04F79EFBC}") = "Delegates", "Delegates\Delegates.csproj", "{ACD9F1A1-C95E-415A-B7ED-3C78CAC89A34}"
EndProject
Project("{FAE04EC0-301F-11D3-BF4B-00C04F79EFBC}") = "FuncDelegate", "FuncDelegate\FuncDelegate.csproj", "{3EDCDED3-2F9A-4EA4-8894-9A2FCBB404BC}"
EndProject
Project("{FAE04EC0-301F-11D3-BF4B-00C04F79EFBC}") = "ActionDelegate", "ActionDelegate\ActionDelegate.csproj", "{7082B654-812E-4D20-B500-18C407B96C80}"
EndProject
Project("{FAE04EC0-301F-11D3-BF4B-00C04F79EFBC}") = "PredicateDelegate", "PredicateDelegate\PredicateDelegate.csproj", "{62E0FF08-686B-4F62-9CD4-7009CD9175FD}"
EndProject
Global
	GlobalSection(SolutionConfigurationPlatforms) = preSolution
		Debug|Any CPU = Debug|Any CPU
		Release|Any CPU = Release|Any CPU
	EndGlobalSection
	GlobalSection(ProjectConfigurationPlatforms) = postSolution
		{ACD9F1A1-C95E-415A-B7ED-3C78CAC89A34}.Debug|Any CPU.ActiveCfg = Debug|Any CPU
		{ACD9F1A1-C95E-415A-B7ED-3C78CAC89A34}.Debug|Any CPU.Build.0 = Debug|Any CPU
		{ACD9F1A1-C95E-415A-B7ED-3C78CAC89A34}.Release|Any CPU.ActiveCfg = Release|Any CPU
		{ACD9F1A1-C95E-415A-B7ED-3C78CAC89A34}.Release|Any CPU.Build.0 = Release|Any CPU
		{3EDCDED3-2F9A-4EA4-8894-9A2FCBB404BC}.Debug|Any CPU.ActiveCfg = Debug|Any CPU
		{3EDCDED3-2F9A-4EA4-8894-9A2FCBB404BC}.Debug|Any CPU.Build.0 = Debug|Any CPU
		{3EDCDED3-2F9A-4EA4-8894-9A2FCBB404BC}.Release|Any CPU.ActiveCfg = Release|Any CPU
		{3EDCDED3-2F9A-4EA4-8894-9A2FCBB404BC}.Release|Any CPU.Build.0 = Release|Any CPU
		{7082B654-812E-4D20-B500-18C407B96C80}.Debug|Any CPU.ActiveCfg = Debug|Any CPU
		{7082B654-812E-4D20-B500-18C407B96C80}.Debug|Any CPU.Build.0 = Debug|Any CPU
		{7082B654-812E-4D20-B500-18C407B96C80}.Release|Any CPU.ActiveCfg = Release|Any CPU
		{7082B654-812E-4D20-B500-18C407B96C80}.Release|Any CPU.Build.0 = Release|Any CPU
		{62E0FF08-686B-4F62-9CD4-7009CD9175FD}.Debug|Any CPU.ActiveCfg = Debug|Any CPU
		{62E0FF08-686B-4F62-9CD4-7009CD9175FD}.Debug|Any CPU.Build.0 = Debug|Any CPU
		{62E0FF08-686B-4F62-9CD4-7009CD9175FD}.Release|Any CPU.ActiveCfg = Release|Any CPU
		{62E0FF08-686B-4F62-9CD4-7009CD9175FD}.Release|Any CPU.Build.0 = Release|Any CPU
	EndGlobalSection
	GlobalSection(SolutionProperties) = preSolution
		HideSolutionNode = FALSE
	EndGlobalSection
	GlobalSection(ExtensibilityGlobals) = postSolution
		SolutionGuid = {7E31EE82-EE02-41C0-8B33-2578220CD8A4}
	EndGlobalSection
EndGlobal
