
Microsoft Visual Studio Solution File, Format Version 12.00
# Visual Studio Version 16
VisualStudioVersion = 16.0.31205.134
MinimumVisualStudioVersion = 10.0.40219.1
Project("{FAE04EC0-301F-11D3-BF4B-00C04F79EFBC}") = "ExpressionTrees", "ExpressionTrees\ExpressionTrees.csproj", "{B3BAFDC6-1ECE-43FA-9B24-018261B0F95E}"
EndProject
Global
	GlobalSection(SolutionConfigurationPlatforms) = preSolution
		Debug|Any CPU = Debug|Any CPU
		Release|Any CPU = Release|Any CPU
	EndGlobalSection
	GlobalSection(ProjectConfigurationPlatforms) = postSolution
		{B3BAFDC6-1ECE-43FA-9B24-018261B0F95E}.Debug|Any CPU.ActiveCfg = Debug|Any CPU
		{B3BAFDC6-1ECE-43FA-9B24-018261B0F95E}.Debug|Any CPU.Build.0 = Debug|Any CPU
		{B3BAFDC6-1ECE-43FA-9B24-018261B0F95E}.Release|Any CPU.ActiveCfg = Release|Any CPU
		{B3BAFDC6-1ECE-43FA-9B24-018261B0F95E}.Release|Any CPU.Build.0 = Release|Any CPU
	EndGlobalSection
	GlobalSection(SolutionProperties) = preSolution
		HideSolutionNode = FALSE
	EndGlobalSection
	GlobalSection(ExtensibilityGlobals) = postSolution
		SolutionGuid = {E098BF2D-346B-4029-846E-88F7D2F29A05}
	EndGlobalSection
EndGlobal
